
Microsoft Visual Studio Solution File, Format Version 12.00
# Visual Studio Version 17
VisualStudioVersion = 17.5.33318.248
MinimumVisualStudioVersion = 10.0.40219.1
Project("{9A19103F-16F7-4668-BE54-9A1E7A4F7556}") = "Akka.Streams.Msmq", "Akka.Streams.Msmq\Akka.Streams.Msmq.csproj", "{0E3404D0-FFEA-4A3B-8A56-15238A357CF1}"
EndProject
Project("{9A19103F-16F7-4668-BE54-9A1E7A4F7556}") = "Akka.Streams.Msmq.Tests", "Akka.Streams.Msmq.Tests\Akka.Streams.Msmq.Tests.csproj", "{1AC5B44F-2937-41F0-B907-183C56F05190}"
EndProject
Global
	GlobalSection(SolutionConfigurationPlatforms) = preSolution
		Debug|Any CPU = Debug|Any CPU
		Release|Any CPU = Release|Any CPU
	EndGlobalSection
	GlobalSection(ProjectConfigurationPlatforms) = postSolution
		{0E3404D0-FFEA-4A3B-8A56-15238A357CF1}.Debug|Any CPU.ActiveCfg = Debug|Any CPU
		{0E3404D0-FFEA-4A3B-8A56-15238A357CF1}.Debug|Any CPU.Build.0 = Debug|Any CPU
		{0E3404D0-FFEA-4A3B-8A56-15238A357CF1}.Release|Any CPU.ActiveCfg = Release|Any CPU
		{0E3404D0-FFEA-4A3B-8A56-15238A357CF1}.Release|Any CPU.Build.0 = Release|Any CPU
		{1AC5B44F-2937-41F0-B907-183C56F05190}.Debug|Any CPU.ActiveCfg = Debug|Any CPU
		{1AC5B44F-2937-41F0-B907-183C56F05190}.Debug|Any CPU.Build.0 = Debug|Any CPU
		{1AC5B44F-2937-41F0-B907-183C56F05190}.Release|Any CPU.ActiveCfg = Release|Any CPU
		{1AC5B44F-2937-41F0-B907-183C56F05190}.Release|Any CPU.Build.0 = Release|Any CPU
	EndGlobalSection
	GlobalSection(SolutionProperties) = preSolution
		HideSolutionNode = FALSE
	EndGlobalSection
	GlobalSection(ExtensibilityGlobals) = postSolution
		SolutionGuid = {12730E26-85E3-4715-AB04-AD8ADBFF7004}
	EndGlobalSection
EndGlobal
